
Microsoft Visual Studio Solution File, Format Version 12.00
# Visual Studio Version 17
VisualStudioVersion = 17.5.33516.290
MinimumVisualStudioVersion = 10.0.40219.1
Project("{FAE04EC0-301F-11D3-BF4B-00C04F79EFBC}") = "TIC.WebAPI", "TheInsuranceCompany\TIC.WebAPI.csproj", "{94D69565-82C1-473A-AF1C-DC00035FEE2C}"
EndProject
Project("{FAE04EC0-301F-11D3-BF4B-00C04F79EFBC}") = "TIC.DomainModel", "TIC.DomainModel\TIC.DomainModel.csproj", "{B956BEBA-567D-4942-8FA1-5A64BCEDB4F1}"
EndProject
Project("{FAE04EC0-301F-11D3-BF4B-00C04F79EFBC}") = "TIC.DomainAPI", "TIC.Domain\TIC.DomainAPI.csproj", "{4DDF0361-1CD4-4824-B967-B0B102BD9BC8}"
EndProject
Project("{FAE04EC0-301F-11D3-BF4B-00C04F79EFBC}") = "TIC.ServiceAdapter", "TIC.ServiceAdapter\TIC.ServiceAdapter.csproj", "{A5FD52C9-3BAC-41B6-B7EA-600DB4980082}"
EndProject
Project("{FAE04EC0-301F-11D3-BF4B-00C04F79EFBC}") = "TIC.DomainAPI.UnitTests", "TIC.DomainAPI.UnitTests\TIC.DomainAPI.UnitTests.csproj", "{C58C6F2D-49AE-499D-BD44-FF3BDD2E8843}"
EndProject
Global
	GlobalSection(SolutionConfigurationPlatforms) = preSolution
		Debug|Any CPU = Debug|Any CPU
		Release|Any CPU = Release|Any CPU
	EndGlobalSection
	GlobalSection(ProjectConfigurationPlatforms) = postSolution
		{94D69565-82C1-473A-AF1C-DC00035FEE2C}.Debug|Any CPU.ActiveCfg = Debug|Any CPU
		{94D69565-82C1-473A-AF1C-DC00035FEE2C}.Debug|Any CPU.Build.0 = Debug|Any CPU
		{94D69565-82C1-473A-AF1C-DC00035FEE2C}.Release|Any CPU.ActiveCfg = Release|Any CPU
		{94D69565-82C1-473A-AF1C-DC00035FEE2C}.Release|Any CPU.Build.0 = Release|Any CPU
		{B956BEBA-567D-4942-8FA1-5A64BCEDB4F1}.Debug|Any CPU.ActiveCfg = Debug|Any CPU
		{B956BEBA-567D-4942-8FA1-5A64BCEDB4F1}.Debug|Any CPU.Build.0 = Debug|Any CPU
		{B956BEBA-567D-4942-8FA1-5A64BCEDB4F1}.Release|Any CPU.ActiveCfg = Release|Any CPU
		{B956BEBA-567D-4942-8FA1-5A64BCEDB4F1}.Release|Any CPU.Build.0 = Release|Any CPU
		{4DDF0361-1CD4-4824-B967-B0B102BD9BC8}.Debug|Any CPU.ActiveCfg = Debug|Any CPU
		{4DDF0361-1CD4-4824-B967-B0B102BD9BC8}.Debug|Any CPU.Build.0 = Debug|Any CPU
		{4DDF0361-1CD4-4824-B967-B0B102BD9BC8}.Release|Any CPU.ActiveCfg = Release|Any CPU
		{4DDF0361-1CD4-4824-B967-B0B102BD9BC8}.Release|Any CPU.Build.0 = Release|Any CPU
		{A5FD52C9-3BAC-41B6-B7EA-600DB4980082}.Debug|Any CPU.ActiveCfg = Debug|Any CPU
		{A5FD52C9-3BAC-41B6-B7EA-600DB4980082}.Debug|Any CPU.Build.0 = Debug|Any CPU
		{A5FD52C9-3BAC-41B6-B7EA-600DB4980082}.Release|Any CPU.ActiveCfg = Release|Any CPU
		{A5FD52C9-3BAC-41B6-B7EA-600DB4980082}.Release|Any CPU.Build.0 = Release|Any CPU
		{C58C6F2D-49AE-499D-BD44-FF3BDD2E8843}.Debug|Any CPU.ActiveCfg = Debug|Any CPU
		{C58C6F2D-49AE-499D-BD44-FF3BDD2E8843}.Debug|Any CPU.Build.0 = Debug|Any CPU
		{C58C6F2D-49AE-499D-BD44-FF3BDD2E8843}.Release|Any CPU.ActiveCfg = Release|Any CPU
		{C58C6F2D-49AE-499D-BD44-FF3BDD2E8843}.Release|Any CPU.Build.0 = Release|Any CPU
	EndGlobalSection
	GlobalSection(SolutionProperties) = preSolution
		HideSolutionNode = FALSE
	EndGlobalSection
	GlobalSection(ExtensibilityGlobals) = postSolution
		SolutionGuid = {307DB474-FCDF-482D-98EE-04D64B3ABF9B}
	EndGlobalSection
EndGlobal
